// !$*UTF8*$!
{
	archiveVersion = 1;
	classes = {
	};
	objectVersion = 46;
	objects = {

/* Begin PBXBuildFile section */
		B609A0691AFC735900F6BF12 /* SpeechRecognizer.swift in Sources */ = {isa = PBXBuildFile; fileRef = B609A0681AFC735900F6BF12 /* SpeechRecognizer.swift */; };
		B609A06B1AFCF5EC00F6BF12 /* SpeechGrammar.swift in Sources */ = {isa = PBXBuildFile; fileRef = B609A06A1AFCF5EC00F6BF12 /* SpeechGrammar.swift */; };
		B6A64B361AFC6B24000FAA82 /* main.swift in Sources */ = {isa = PBXBuildFile; fileRef = B6A64B351AFC6B24000FAA82 /* main.swift */; };
/* End PBXBuildFile section */

/* Begin PBXCopyFilesBuildPhase section */
		B6A64B301AFC6B24000FAA82 /* CopyFiles */ = {
			isa = PBXCopyFilesBuildPhase;
			buildActionMask = 2147483647;
			dstPath = /usr/share/man/man1/;
			dstSubfolderSpec = 0;
			files = (
			);
			runOnlyForDeploymentPostprocessing = 1;
		};
/* End PBXCopyFilesBuildPhase section */

/* Begin PBXFileReference section */
		B609A0681AFC735900F6BF12 /* SpeechRecognizer.swift */ = {isa = PBXFileReference; fileEncoding = 4; lastKnownFileType = sourcecode.swift; path = SpeechRecognizer.swift; sourceTree = "<group>"; };
		B609A06A1AFCF5EC00F6BF12 /* SpeechGrammar.swift */ = {isa = PBXFileReference; fileEncoding = 4; lastKnownFileType = sourcecode.swift; path = SpeechGrammar.swift; sourceTree = "<group>"; };
		B6A64B321AFC6B24000FAA82 /* SpeechTest */ = {isa = PBXFileReference; explicitFileType = "compiled.mach-o.executable"; includeInIndex = 0; path = SpeechTest; sourceTree = BUILT_PRODUCTS_DIR; };
		B6A64B351AFC6B24000FAA82 /* main.swift */ = {isa = PBXFileReference; lastKnownFileType = sourcecode.swift; path = main.swift; sourceTree = "<group>"; };
		B6D7F6571AFFAAEF003848B0 /* Carbon.framework */ = {isa = PBXFileReference; lastKnownFileType = wrapper.framework; name = Carbon.framework; path = System/Library/Frameworks/Carbon.framework; sourceTree = SDKROOT; };
		B6D7F6591AFFAB00003848B0 /* AppKit.framework */ = {isa = PBXFileReference; lastKnownFileType = wrapper.framework; name = AppKit.framework; path = System/Library/Frameworks/AppKit.framework; sourceTree = SDKROOT; };
		B6D7F65A1AFFAB00003848B0 /* AppKitScripting.framework */ = {isa = PBXFileReference; lastKnownFileType = wrapper.framework; name = AppKitScripting.framework; path = System/Library/Frameworks/AppKitScripting.framework; sourceTree = SDKROOT; };
/* End PBXFileReference section */

/* Begin PBXFrameworksBuildPhase section */
		B6A64B2F1AFC6B24000FAA82 /* Frameworks */ = {
			isa = PBXFrameworksBuildPhase;
			buildActionMask = 2147483647;
			files = (
			);
			runOnlyForDeploymentPostprocessing = 0;
		};
/* End PBXFrameworksBuildPhase section */

/* Begin PBXGroup section */
		B6A64B291AFC6B24000FAA82 = {
			isa = PBXGroup;
			children = (
				B6D7F6591AFFAB00003848B0 /* AppKit.framework */,
				B6D7F65A1AFFAB00003848B0 /* AppKitScripting.framework */,
				B6D7F6571AFFAAEF003848B0 /* Carbon.framework */,
				B6A64B341AFC6B24000FAA82 /* SpeechTest */,
				B6A64B331AFC6B24000FAA82 /* Products */,
			);
			sourceTree = "<group>";
		};
		B6A64B331AFC6B24000FAA82 /* Products */ = {
			isa = PBXGroup;
			children = (
				B6A64B321AFC6B24000FAA82 /* SpeechTest */,
			);
			name = Products;
			sourceTree = "<group>";
		};
		B6A64B341AFC6B24000FAA82 /* SpeechTest */ = {
			isa = PBXGroup;
			children = (
				B6A64B351AFC6B24000FAA82 /* main.swift */,
				B609A0681AFC735900F6BF12 /* SpeechRecognizer.swift */,
				B609A06A1AFCF5EC00F6BF12 /* SpeechGrammar.swift */,
			);
			path = SpeechTest;
			sourceTree = "<group>";
		};
/* End PBXGroup section */

/* Begin PBXNativeTarget section */
		B6A64B311AFC6B24000FAA82 /* SpeechTest */ = {
			isa = PBXNativeTarget;
			buildConfigurationList = B6A64B391AFC6B24000FAA82 /* Build configuration list for PBXNativeTarget "SpeechTest" */;
			buildPhases = (
				B6A64B2E1AFC6B24000FAA82 /* Sources */,
				B6A64B2F1AFC6B24000FAA82 /* Frameworks */,
				B6A64B301AFC6B24000FAA82 /* CopyFiles */,
			);
			buildRules = (
			);
			dependencies = (
			);
			name = SpeechTest;
			productName = SpeechTest;
			productReference = B6A64B321AFC6B24000FAA82 /* SpeechTest */;
			productType = "com.apple.product-type.tool";
		};
/* End PBXNativeTarget section */

/* Begin PBXProject section */
		B6A64B2A1AFC6B24000FAA82 /* Project object */ = {
			isa = PBXProject;
			attributes = {
				LastUpgradeCheck = 0630;
				ORGANIZATIONNAME = "Daniel Leong";
				TargetAttributes = {
					B6A64B311AFC6B24000FAA82 = {
						CreatedOnToolsVersion = 6.3.1;
					};
				};
			};
			buildConfigurationList = B6A64B2D1AFC6B24000FAA82 /* Build configuration list for PBXProject "SpeechTest" */;
			compatibilityVersion = "Xcode 3.2";
			developmentRegion = English;
			hasScannedForEncodings = 0;
			knownRegions = (
				en,
			);
			mainGroup = B6A64B291AFC6B24000FAA82;
			productRefGroup = B6A64B331AFC6B24000FAA82 /* Products */;
			projectDirPath = "";
			projectRoot = "";
			targets = (
				B6A64B311AFC6B24000FAA82 /* SpeechTest */,
			);
		};
/* End PBXProject section */

/* Begin PBXSourcesBuildPhase section */
		B6A64B2E1AFC6B24000FAA82 /* Sources */ = {
			isa = PBXSourcesBuildPhase;
			buildActionMask = 2147483647;
			files = (
				B6A64B361AFC6B24000FAA82 /* main.swift in Sources */,
				B609A0691AFC735900F6BF12 /* SpeechRecognizer.swift in Sources */,
				B609A06B1AFCF5EC00F6BF12 /* SpeechGrammar.swift in Sources */,
			);
			runOnlyForDeploymentPostprocessing = 0;
		};
/* End PBXSourcesBuildPhase section */

/* Begin XCBuildConfiguration section */
		B6A64B371AFC6B24000FAA82 /* Debug */ = {
			isa = XCBuildConfiguration;
			buildSettings = {
				ALWAYS_SEARCH_USER_PATHS = NO;
				CLANG_CXX_LANGUAGE_STANDARD = "gnu++0x";
				CLANG_CXX_LIBRARY = "libc++";
				CLANG_ENABLE_MODULES = YES;
				CLANG_ENABLE_OBJC_ARC = YES;
				CLANG_WARN_BOOL_CONVERSION = YES;
				CLANG_WARN_CONSTANT_CONVERSION = YES;
				CLANG_WARN_DIRECT_OBJC_ISA_USAGE = YES_ERROR;
				CLANG_WARN_EMPTY_BODY = YES;
				CLANG_WARN_ENUM_CONVERSION = YES;
				CLANG_WARN_INT_CONVERSION = YES;
				CLANG_WARN_OBJC_ROOT_CLASS = YES_ERROR;
				CLANG_WARN_UNREACHABLE_CODE = YES;
				CLANG_WARN__DUPLICATE_METHOD_MATCH = YES;
				COPY_PHASE_STRIP = NO;
				DEBUG_INFORMATION_FORMAT = dwarf;
				ENABLE_STRICT_OBJC_MSGSEND = YES;
				GCC_C_LANGUAGE_STANDARD = gnu99;
				GCC_DYNAMIC_NO_PIC = NO;
				GCC_NO_COMMON_BLOCKS = YES;
				GCC_OPTIMIZATION_LEVEL = 0;
				GCC_PREPROCESSOR_DEFINITIONS = (
					"DEBUG=1",
					"$(inherited)",
				);
				GCC_SYMBOLS_PRIVATE_EXTERN = NO;
				GCC_WARN_64_TO_32_BIT_CONVERSION = YES;
				GCC_WARN_ABOUT_RETURN_TYPE = YES_ERROR;
				GCC_WARN_UNDECLARED_SELECTOR = YES;
				GCC_WARN_UNINITIALIZED_AUTOS = YES_AGGRESSIVE;
				GCC_WARN_UNUSED_FUNCTION = YES;
				GCC_WARN_UNUSED_VARIABLE = YES;
				MACOSX_DEPLOYMENT_TARGET = 10.10;
				MTL_ENABLE_DEBUG_INFO = YES;
				ONLY_ACTIVE_ARCH = YES;
				SDKROOT = macosx;
				SWIFT_OPTIMIZATION_LEVEL = "-Onone";
			};
			name = Debug;
		};
		B6A64B381AFC6B24000FAA82 /* Release */ = {
			isa = XCBuildConfiguration;
			buildSettings = {
				ALWAYS_SEARCH_USER_PATHS = NO;
				CLANG_CXX_LANGUAGE_STANDARD = "gnu++0x";
				CLANG_CXX_LIBRARY = "libc++";
				CLANG_ENABLE_MODULES = YES;
				CLANG_ENABLE_OBJC_ARC = YES;
				CLANG_WARN_BOOL_CONVERSION = YES;
				CLANG_WARN_CONSTANT_CONVERSION = YES;
				CLANG_WARN_DIRECT_OBJC_ISA_USAGE = YES_ERROR;
				CLANG_WARN_EMPTY_BODY = YES;
				CLANG_WARN_ENUM_CONVERSION = YES;
				CLANG_WARN_INT_CONVERSION = YES;
				CLANG_WARN_OBJC_ROOT_CLASS = YES_ERROR;
				CLANG_WARN_UNREACHABLE_CODE = YES;
				CLANG_WARN__DUPLICATE_METHOD_MATCH = YES;
				COPY_PHASE_STRIP = NO;
				DEBUG_INFORMATION_FORMAT = "dwarf-with-dsym";
				ENABLE_NS_ASSERTIONS = NO;
				ENABLE_STRICT_OBJC_MSGSEND = YES;
				GCC_C_LANGUAGE_STANDARD = gnu99;
				GCC_NO_COMMON_BLOCKS = YES;
				GCC_WARN_64_TO_32_BIT_CONVERSION = YES;
				GCC_WARN_ABOUT_RETURN_TYPE = YES_ERROR;
				GCC_WARN_UNDECLARED_SELECTOR = YES;
				GCC_WARN_UNINITIALIZED_AUTOS = YES_AGGRESSIVE;
				GCC_WARN_UNUSED_FUNCTION = YES;
				GCC_WARN_UNUSED_VARIABLE = YES;
				MACOSX_DEPLOYMENT_TARGET = 10.10;
				MTL_ENABLE_DEBUG_INFO = NO;
				SDKROOT = macosx;
			};
			name = Release;
		};
		B6A64B3A1AFC6B24000FAA82 /* Debug */ = {
			isa = XCBuildConfiguration;
			buildSettings = {
				PRODUCT_NAME = "$(TARGET_NAME)";
			};
			name = Debug;
		};
		B6A64B3B1AFC6B24000FAA82 /* Release */ = {
			isa = XCBuildConfiguration;
			buildSettings = {
				PRODUCT_NAME = "$(TARGET_NAME)";
			};
			name = Release;
		};
/* End XCBuildConfiguration section */

/* Begin XCConfigurationList section */
		B6A64B2D1AFC6B24000FAA82 /* Build configuration list for PBXProject "SpeechTest" */ = {
			isa = XCConfigurationList;
			buildConfigurations = (
				B6A64B371AFC6B24000FAA82 /* Debug */,
				B6A64B381AFC6B24000FAA82 /* Release */,
			);
			defaultConfigurationIsVisible = 0;
			defaultConfigurationName = Release;
		};
		B6A64B391AFC6B24000FAA82 /* Build configuration list for PBXNativeTarget "SpeechTest" */ = {
			isa = XCConfigurationList;
			buildConfigurations = (
				B6A64B3A1AFC6B24000FAA82 /* Debug */,
				B6A64B3B1AFC6B24000FAA82 /* Release */,
			);
			defaultConfigurationIsVisible = 0;
			defaultConfigurationName = Release;
		};
/* End XCConfigurationList section */
	};
	rootObject = B6A64B2A1AFC6B24000FAA82 /* Project object */;
}
